
Microsoft Visual Studio Solution File, Format Version 12.00
# Visual Studio Version 16
VisualStudioVersion = 16.0.31410.357
MinimumVisualStudioVersion = 10.0.40219.1
Project("{9A19103F-16F7-4668-BE54-9A1E7A4F7556}") = "Clase1", "Clase1\Clase1.csproj", "{B88F7307-BB0F-48EF-9D41-943874A43407}"
EndProject
Project("{9A19103F-16F7-4668-BE54-9A1E7A4F7556}") = "TipoDeDatos", "TipoDeDatos\TipoDeDatos.csproj", "{51DC8FAD-4FDE-499A-911C-273B9D12703B}"
EndProject
Project("{9A19103F-16F7-4668-BE54-9A1E7A4F7556}") = "ejercicio", "ejercicio\ejercicio.csproj", "{C685E8D3-EEB2-46C2-8D88-2A42CFF716B8}"
EndProject
Project("{9A19103F-16F7-4668-BE54-9A1E7A4F7556}") = "Condicionales", "Condicionales\Condicionales.csproj", "{8EBBCC86-3F98-47D6-8444-A02546AF878A}"
EndProject
Project("{9A19103F-16F7-4668-BE54-9A1E7A4F7556}") = "Ejercicios6_13", "Ejercicios6_13\Ejercicios6_13.csproj", "{A18D33D3-4F21-45B9-AF9B-A790537D3446}"
EndProject
Project("{9A19103F-16F7-4668-BE54-9A1E7A4F7556}") = "ejercicio9", "ejercicio9\ejercicio9.csproj", "{F9EBA52C-CC48-4234-960A-450A7A7A623B}"
EndProject
Project("{9A19103F-16F7-4668-BE54-9A1E7A4F7556}") = "ejercicio10", "ejercicio10\ejercicio10.csproj", "{14AF9BB2-A0B9-4340-8ADC-238B4D6DC720}"
EndProject
Project("{9A19103F-16F7-4668-BE54-9A1E7A4F7556}") = "ejercicio11", "ejercicio11\ejercicio11.csproj", "{5CC8FF1F-3272-4626-84B4-07D895EAB0C5}"
EndProject
Project("{9A19103F-16F7-4668-BE54-9A1E7A4F7556}") = "ejercicio12", "ejercicio12\ejercicio12.csproj", "{BDFC26D6-48F9-4B1F-90C1-1418BCE044EB}"
EndProject
Project("{9A19103F-16F7-4668-BE54-9A1E7A4F7556}") = "ejercicio13", "ejercicio13\ejercicio13.csproj", "{EF60797B-DB42-4998-A05C-C9E9A0069648}"
EndProject
Project("{9A19103F-16F7-4668-BE54-9A1E7A4F7556}") = "ejercicio14", "ejercicio14\ejercicio14.csproj", "{DD8FE767-E4FC-4EA4-8BE2-3E5B0B18D43E}"
EndProject
Project("{9A19103F-16F7-4668-BE54-9A1E7A4F7556}") = "ejercicio15", "ejercicio15\ejercicio15.csproj", "{2BCDB809-CBE2-44FA-BA6E-796CE3CD3818}"
EndProject
Project("{9A19103F-16F7-4668-BE54-9A1E7A4F7556}") = "ejercicio16", "ejercicio16\ejercicio16.csproj", "{F592381C-A0AE-430B-BFF9-E014429E4F80}"
EndProject
Project("{9A19103F-16F7-4668-BE54-9A1E7A4F7556}") = "ejercicio17", "ejercicio17\ejercicio17.csproj", "{E29EA100-867C-4C23-8C56-9CF368F8361E}"
EndProject
Project("{9A19103F-16F7-4668-BE54-9A1E7A4F7556}") = "ejercicio18", "ejercicio18\ejercicio18.csproj", "{A9E34E8B-3FA3-4E55-B772-AB704B92C433}"
EndProject
Project("{9A19103F-16F7-4668-BE54-9A1E7A4F7556}") = "ejercicio19", "ejercicio19\ejercicio19.csproj", "{580B609D-FC77-4B49-8C05-C68A07D88028}"
EndProject
Project("{9A19103F-16F7-4668-BE54-9A1E7A4F7556}") = "ejercicio20", "ejercicio20\ejercicio20.csproj", "{0AA00411-1547-4B75-9823-40AE75F46C15}"
EndProject
Project("{9A19103F-16F7-4668-BE54-9A1E7A4F7556}") = "ejercicio22", "ejercicio22\ejercicio22.csproj", "{17FAA4EB-A74D-4C0E-983B-165D71E72A2F}"
EndProject
Project("{9A19103F-16F7-4668-BE54-9A1E7A4F7556}") = "ejercicio23", "ejercicio23\ejercicio23.csproj", "{75EB2851-2C97-4D69-9061-F7D6A00C37F4}"
EndProject
Project("{9A19103F-16F7-4668-BE54-9A1E7A4F7556}") = "ejercicio24", "ejercicio24\ejercicio24.csproj", "{F7C4083B-742C-4ADB-AF01-6CB1BCB4E1AE}"
EndProject
Project("{9A19103F-16F7-4668-BE54-9A1E7A4F7556}") = "ejercicio25", "ejercicio25\ejercicio25.csproj", "{CC6FCD4F-C84D-4E00-BF48-80CE7901B2BF}"
EndProject
Project("{9A19103F-16F7-4668-BE54-9A1E7A4F7556}") = "Ejercicio27", "Ejercicio27\Ejercicio27.csproj", "{53E242B5-F939-4637-B5A2-ADD7C5ABAF47}"
EndProject
Project("{9A19103F-16F7-4668-BE54-9A1E7A4F7556}") = "TP1 integrador", "TP1 integrador\TP1 integrador.csproj", "{6DFB8FFD-94AA-445C-99C1-75C113A4DCA9}"
EndProject
Project("{9A19103F-16F7-4668-BE54-9A1E7A4F7556}") = "Ejercicio32", "Ejercicio32\Ejercicio32.csproj", "{9E3274FC-F9B5-4CEB-9FD1-6A5506C43CC2}"
EndProject
Project("{9A19103F-16F7-4668-BE54-9A1E7A4F7556}") = "Ejercicio33", "Ejercicio33\Ejercicio33.csproj", "{4833619E-749A-465E-A934-96D6321EF81C}"
EndProject
Project("{9A19103F-16F7-4668-BE54-9A1E7A4F7556}") = "Ejercicio34", "Ejercicio34\Ejercicio34.csproj", "{2D6FB75E-DFF1-4245-9760-1EE9AC1F9D2D}"
EndProject
Project("{9A19103F-16F7-4668-BE54-9A1E7A4F7556}") = "TP2_1", "TP2_1\TP2_1.csproj", "{3787412A-17B2-408F-AFC6-B03832DC120A}"
EndProject
Project("{9A19103F-16F7-4668-BE54-9A1E7A4F7556}") = "TP2_2", "TP2_2\TP2_2.csproj", "{72423394-AE93-4E6A-89C2-A87DD9A73EC7}"
EndProject
Project("{9A19103F-16F7-4668-BE54-9A1E7A4F7556}") = "TP2_4", "TP2_4\TP2_4.csproj", "{EC1DFD06-F62D-44D9-B7C9-98E103E57B32}"
EndProject
Project("{9A19103F-16F7-4668-BE54-9A1E7A4F7556}") = "TP2 Integrador", "TP2 Integrador\TP2 Integrador.csproj", "{A85CA7B5-57C0-4928-9438-677B06235950}"
EndProject
Project("{9A19103F-16F7-4668-BE54-9A1E7A4F7556}") = "ejercicio38", "ejercicio38\ejercicio38.csproj", "{A2BBF4EE-4856-4C43-B5A6-3D791403C151}"
EndProject
Project("{9A19103F-16F7-4668-BE54-9A1E7A4F7556}") = "ejercicio39", "ejercicio39\ejercicio39.csproj", "{1D7632D0-28F6-42A7-9B8F-639D1A46B3B2}"
EndProject
Project("{9A19103F-16F7-4668-BE54-9A1E7A4F7556}") = "TP3", "TP3\TP3.csproj", "{FBAEBA71-7936-41F1-9E3A-E1B461B365E0}"
EndProject
Project("{9A19103F-16F7-4668-BE54-9A1E7A4F7556}") = "TP4", "TP4\TP4.csproj", "{0F9E2B5A-7B89-402A-99D0-CC252359E38A}"
EndProject
Project("{9A19103F-16F7-4668-BE54-9A1E7A4F7556}") = "TP6", "TP6\TP6.csproj", "{3A55AA6C-CC95-406E-BCD7-848C4355433C}"
EndProject
Project("{FAE04EC0-301F-11D3-BF4B-00C04F79EFBC}") = "Metodos", "Metodos\Metodos.csproj", "{230EB666-6B7B-4580-9ABB-62904A88892A}"
EndProject
Project("{FAE04EC0-301F-11D3-BF4B-00C04F79EFBC}") = "Metodosv2", "Metodosv2\Metodosv2.csproj", "{1451028C-8D43-4DDE-B6B9-2601DD3E8F1D}"
EndProject
Project("{FAE04EC0-301F-11D3-BF4B-00C04F79EFBC}") = "TP1_INTEGRADOR_P1", "TP1_INTEGRADOR_P1\TP1_INTEGRADOR_P1.csproj", "{A2BEB940-7FE0-4B89-A4A1-AD859698EB00}"
EndProject
Project("{FAE04EC0-301F-11D3-BF4B-00C04F79EFBC}") = "TP1_RES", "TP1_RES\TP1_RES.csproj", "{9D55F65E-6186-434F-A093-4568ECB02491}"
EndProject
Project("{FAE04EC0-301F-11D3-BF4B-00C04F79EFBC}") = "TP1_INTEGRADOR_P2", "TP1_INTEGRADOR_P2\TP1_INTEGRADOR_P2.csproj", "{288B098A-FC91-4356-9B34-C954B30F43B8}"
EndProject
Project("{FAE04EC0-301F-11D3-BF4B-00C04F79EFBC}") = "TP1_INTEGRADOR_P3_", "TP1_INTEGRADOR_P3_\TP1_INTEGRADOR_P3_.csproj", "{A79264C1-DA62-452E-A436-11A0131C70E4}"
EndProject
Project("{FAE04EC0-301F-11D3-BF4B-00C04F79EFBC}") = "TP2_INTEGRADOR", "TP2_INTEGRADOR\TP2_INTEGRADOR.csproj", "{408ED0D8-22F2-4F73-97F0-456B187B948C}"
EndProject
Project("{FAE04EC0-301F-11D3-BF4B-00C04F79EFBC}") = "TP3_INTEGRADOR", "TP3_INTEGRADOR\TP3_INTEGRADOR.csproj", "{235669C6-2D5C-4E37-BF26-F3E26CE68659}"
EndProject
Project("{FAE04EC0-301F-11D3-BF4B-00C04F79EFBC}") = "TP4_INTEGRADOR", "TP4_INTEGRADOR\TP4_INTEGRADOR.csproj", "{E47F598F-ABAA-40C9-B51C-AE041E0BBE2D}"
EndProject
Project("{FAE04EC0-301F-11D3-BF4B-00C04F79EFBC}") = "TP4_INTEGRADOR_P2", "TP4_INTEGRADOR_P2\TP4_INTEGRADOR_P2.csproj", "{CA5CF03E-F1AB-49A5-A50C-EA5FE350C2D5}"
EndProject
Project("{FAE04EC0-301F-11D3-BF4B-00C04F79EFBC}") = "TP7_INTEGRADOR", "TP7_INTEGRADOR\TP7_INTEGRADOR.csproj", "{1F78D888-0346-4C3B-9FD3-133754E02A17}"
EndProject
Project("{FAE04EC0-301F-11D3-BF4B-00C04F79EFBC}") = "TP7_INTEGRADOR_P2", "TP7_INTEGRADOR_P2\TP7_INTEGRADOR_P2.csproj", "{9AA52592-6ABB-4B10-9CC3-C2AEBA36A1D3}"
EndProject
Project("{FAE04EC0-301F-11D3-BF4B-00C04F79EFBC}") = "TP7_INTEGRADOR_P3", "TP7_INTEGRADOR_P3\TP7_INTEGRADOR_P3.csproj", "{24DF560E-23F4-404D-B603-B82C0003CD8C}"
EndProject
Global
	GlobalSection(SolutionConfigurationPlatforms) = preSolution
		Debug|Any CPU = Debug|Any CPU
		Release|Any CPU = Release|Any CPU
	EndGlobalSection
	GlobalSection(ProjectConfigurationPlatforms) = postSolution
		{B88F7307-BB0F-48EF-9D41-943874A43407}.Debug|Any CPU.ActiveCfg = Debug|Any CPU
		{B88F7307-BB0F-48EF-9D41-943874A43407}.Debug|Any CPU.Build.0 = Debug|Any CPU
		{B88F7307-BB0F-48EF-9D41-943874A43407}.Release|Any CPU.ActiveCfg = Release|Any CPU
		{B88F7307-BB0F-48EF-9D41-943874A43407}.Release|Any CPU.Build.0 = Release|Any CPU
		{51DC8FAD-4FDE-499A-911C-273B9D12703B}.Debug|Any CPU.ActiveCfg = Debug|Any CPU
		{51DC8FAD-4FDE-499A-911C-273B9D12703B}.Debug|Any CPU.Build.0 = Debug|Any CPU
		{51DC8FAD-4FDE-499A-911C-273B9D12703B}.Release|Any CPU.ActiveCfg = Release|Any CPU
		{51DC8FAD-4FDE-499A-911C-273B9D12703B}.Release|Any CPU.Build.0 = Release|Any CPU
		{C685E8D3-EEB2-46C2-8D88-2A42CFF716B8}.Debug|Any CPU.ActiveCfg = Debug|Any CPU
		{C685E8D3-EEB2-46C2-8D88-2A42CFF716B8}.Debug|Any CPU.Build.0 = Debug|Any CPU
		{C685E8D3-EEB2-46C2-8D88-2A42CFF716B8}.Release|Any CPU.ActiveCfg = Release|Any CPU
		{C685E8D3-EEB2-46C2-8D88-2A42CFF716B8}.Release|Any CPU.Build.0 = Release|Any CPU
		{8EBBCC86-3F98-47D6-8444-A02546AF878A}.Debug|Any CPU.ActiveCfg = Debug|Any CPU
		{8EBBCC86-3F98-47D6-8444-A02546AF878A}.Debug|Any CPU.Build.0 = Debug|Any CPU
		{8EBBCC86-3F98-47D6-8444-A02546AF878A}.Release|Any CPU.ActiveCfg = Release|Any CPU
		{8EBBCC86-3F98-47D6-8444-A02546AF878A}.Release|Any CPU.Build.0 = Release|Any CPU
		{A18D33D3-4F21-45B9-AF9B-A790537D3446}.Debug|Any CPU.ActiveCfg = Debug|Any CPU
		{A18D33D3-4F21-45B9-AF9B-A790537D3446}.Debug|Any CPU.Build.0 = Debug|Any CPU
		{A18D33D3-4F21-45B9-AF9B-A790537D3446}.Release|Any CPU.ActiveCfg = Release|Any CPU
		{A18D33D3-4F21-45B9-AF9B-A790537D3446}.Release|Any CPU.Build.0 = Release|Any CPU
		{F9EBA52C-CC48-4234-960A-450A7A7A623B}.Debug|Any CPU.ActiveCfg = Debug|Any CPU
		{F9EBA52C-CC48-4234-960A-450A7A7A623B}.Debug|Any CPU.Build.0 = Debug|Any CPU
		{F9EBA52C-CC48-4234-960A-450A7A7A623B}.Release|Any CPU.ActiveCfg = Release|Any CPU
		{F9EBA52C-CC48-4234-960A-450A7A7A623B}.Release|Any CPU.Build.0 = Release|Any CPU
		{14AF9BB2-A0B9-4340-8ADC-238B4D6DC720}.Debug|Any CPU.ActiveCfg = Debug|Any CPU
		{14AF9BB2-A0B9-4340-8ADC-238B4D6DC720}.Debug|Any CPU.Build.0 = Debug|Any CPU
		{14AF9BB2-A0B9-4340-8ADC-238B4D6DC720}.Release|Any CPU.ActiveCfg = Release|Any CPU
		{14AF9BB2-A0B9-4340-8ADC-238B4D6DC720}.Release|Any CPU.Build.0 = Release|Any CPU
		{5CC8FF1F-3272-4626-84B4-07D895EAB0C5}.Debug|Any CPU.ActiveCfg = Debug|Any CPU
		{5CC8FF1F-3272-4626-84B4-07D895EAB0C5}.Debug|Any CPU.Build.0 = Debug|Any CPU
		{5CC8FF1F-3272-4626-84B4-07D895EAB0C5}.Release|Any CPU.ActiveCfg = Release|Any CPU
		{5CC8FF1F-3272-4626-84B4-07D895EAB0C5}.Release|Any CPU.Build.0 = Release|Any CPU
		{BDFC26D6-48F9-4B1F-90C1-1418BCE044EB}.Debug|Any CPU.ActiveCfg = Debug|Any CPU
		{BDFC26D6-48F9-4B1F-90C1-1418BCE044EB}.Debug|Any CPU.Build.0 = Debug|Any CPU
		{BDFC26D6-48F9-4B1F-90C1-1418BCE044EB}.Release|Any CPU.ActiveCfg = Release|Any CPU
		{BDFC26D6-48F9-4B1F-90C1-1418BCE044EB}.Release|Any CPU.Build.0 = Release|Any CPU
		{EF60797B-DB42-4998-A05C-C9E9A0069648}.Debug|Any CPU.ActiveCfg = Debug|Any CPU
		{EF60797B-DB42-4998-A05C-C9E9A0069648}.Debug|Any CPU.Build.0 = Debug|Any CPU
		{EF60797B-DB42-4998-A05C-C9E9A0069648}.Release|Any CPU.ActiveCfg = Release|Any CPU
		{EF60797B-DB42-4998-A05C-C9E9A0069648}.Release|Any CPU.Build.0 = Release|Any CPU
		{DD8FE767-E4FC-4EA4-8BE2-3E5B0B18D43E}.Debug|Any CPU.ActiveCfg = Debug|Any CPU
		{DD8FE767-E4FC-4EA4-8BE2-3E5B0B18D43E}.Debug|Any CPU.Build.0 = Debug|Any CPU
		{DD8FE767-E4FC-4EA4-8BE2-3E5B0B18D43E}.Release|Any CPU.ActiveCfg = Release|Any CPU
		{DD8FE767-E4FC-4EA4-8BE2-3E5B0B18D43E}.Release|Any CPU.Build.0 = Release|Any CPU
		{2BCDB809-CBE2-44FA-BA6E-796CE3CD3818}.Debug|Any CPU.ActiveCfg = Debug|Any CPU
		{2BCDB809-CBE2-44FA-BA6E-796CE3CD3818}.Debug|Any CPU.Build.0 = Debug|Any CPU
		{2BCDB809-CBE2-44FA-BA6E-796CE3CD3818}.Release|Any CPU.ActiveCfg = Release|Any CPU
		{2BCDB809-CBE2-44FA-BA6E-796CE3CD3818}.Release|Any CPU.Build.0 = Release|Any CPU
		{F592381C-A0AE-430B-BFF9-E014429E4F80}.Debug|Any CPU.ActiveCfg = Debug|Any CPU
		{F592381C-A0AE-430B-BFF9-E014429E4F80}.Debug|Any CPU.Build.0 = Debug|Any CPU
		{F592381C-A0AE-430B-BFF9-E014429E4F80}.Release|Any CPU.ActiveCfg = Release|Any CPU
		{F592381C-A0AE-430B-BFF9-E014429E4F80}.Release|Any CPU.Build.0 = Release|Any CPU
		{E29EA100-867C-4C23-8C56-9CF368F8361E}.Debug|Any CPU.ActiveCfg = Debug|Any CPU
		{E29EA100-867C-4C23-8C56-9CF368F8361E}.Debug|Any CPU.Build.0 = Debug|Any CPU
		{E29EA100-867C-4C23-8C56-9CF368F8361E}.Release|Any CPU.ActiveCfg = Release|Any CPU
		{E29EA100-867C-4C23-8C56-9CF368F8361E}.Release|Any CPU.Build.0 = Release|Any CPU
		{A9E34E8B-3FA3-4E55-B772-AB704B92C433}.Debug|Any CPU.ActiveCfg = Debug|Any CPU
		{A9E34E8B-3FA3-4E55-B772-AB704B92C433}.Debug|Any CPU.Build.0 = Debug|Any CPU
		{A9E34E8B-3FA3-4E55-B772-AB704B92C433}.Release|Any CPU.ActiveCfg = Release|Any CPU
		{A9E34E8B-3FA3-4E55-B772-AB704B92C433}.Release|Any CPU.Build.0 = Release|Any CPU
		{580B609D-FC77-4B49-8C05-C68A07D88028}.Debug|Any CPU.ActiveCfg = Debug|Any CPU
		{580B609D-FC77-4B49-8C05-C68A07D88028}.Debug|Any CPU.Build.0 = Debug|Any CPU
		{580B609D-FC77-4B49-8C05-C68A07D88028}.Release|Any CPU.ActiveCfg = Release|Any CPU
		{580B609D-FC77-4B49-8C05-C68A07D88028}.Release|Any CPU.Build.0 = Release|Any CPU
		{0AA00411-1547-4B75-9823-40AE75F46C15}.Debug|Any CPU.ActiveCfg = Debug|Any CPU
		{0AA00411-1547-4B75-9823-40AE75F46C15}.Debug|Any CPU.Build.0 = Debug|Any CPU
		{0AA00411-1547-4B75-9823-40AE75F46C15}.Release|Any CPU.ActiveCfg = Release|Any CPU
		{0AA00411-1547-4B75-9823-40AE75F46C15}.Release|Any CPU.Build.0 = Release|Any CPU
		{17FAA4EB-A74D-4C0E-983B-165D71E72A2F}.Debug|Any CPU.ActiveCfg = Debug|Any CPU
		{17FAA4EB-A74D-4C0E-983B-165D71E72A2F}.Debug|Any CPU.Build.0 = Debug|Any CPU
		{17FAA4EB-A74D-4C0E-983B-165D71E72A2F}.Release|Any CPU.ActiveCfg = Release|Any CPU
		{17FAA4EB-A74D-4C0E-983B-165D71E72A2F}.Release|Any CPU.Build.0 = Release|Any CPU
		{75EB2851-2C97-4D69-9061-F7D6A00C37F4}.Debug|Any CPU.ActiveCfg = Debug|Any CPU
		{75EB2851-2C97-4D69-9061-F7D6A00C37F4}.Debug|Any CPU.Build.0 = Debug|Any CPU
		{75EB2851-2C97-4D69-9061-F7D6A00C37F4}.Release|Any CPU.ActiveCfg = Release|Any CPU
		{75EB2851-2C97-4D69-9061-F7D6A00C37F4}.Release|Any CPU.Build.0 = Release|Any CPU
		{F7C4083B-742C-4ADB-AF01-6CB1BCB4E1AE}.Debug|Any CPU.ActiveCfg = Debug|Any CPU
		{F7C4083B-742C-4ADB-AF01-6CB1BCB4E1AE}.Debug|Any CPU.Build.0 = Debug|Any CPU
		{F7C4083B-742C-4ADB-AF01-6CB1BCB4E1AE}.Release|Any CPU.ActiveCfg = Release|Any CPU
		{F7C4083B-742C-4ADB-AF01-6CB1BCB4E1AE}.Release|Any CPU.Build.0 = Release|Any CPU
		{CC6FCD4F-C84D-4E00-BF48-80CE7901B2BF}.Debug|Any CPU.ActiveCfg = Debug|Any CPU
		{CC6FCD4F-C84D-4E00-BF48-80CE7901B2BF}.Debug|Any CPU.Build.0 = Debug|Any CPU
		{CC6FCD4F-C84D-4E00-BF48-80CE7901B2BF}.Release|Any CPU.ActiveCfg = Release|Any CPU
		{CC6FCD4F-C84D-4E00-BF48-80CE7901B2BF}.Release|Any CPU.Build.0 = Release|Any CPU
		{53E242B5-F939-4637-B5A2-ADD7C5ABAF47}.Debug|Any CPU.ActiveCfg = Debug|Any CPU
		{53E242B5-F939-4637-B5A2-ADD7C5ABAF47}.Debug|Any CPU.Build.0 = Debug|Any CPU
		{53E242B5-F939-4637-B5A2-ADD7C5ABAF47}.Release|Any CPU.ActiveCfg = Release|Any CPU
		{53E242B5-F939-4637-B5A2-ADD7C5ABAF47}.Release|Any CPU.Build.0 = Release|Any CPU
		{6DFB8FFD-94AA-445C-99C1-75C113A4DCA9}.Debug|Any CPU.ActiveCfg = Debug|Any CPU
		{6DFB8FFD-94AA-445C-99C1-75C113A4DCA9}.Debug|Any CPU.Build.0 = Debug|Any CPU
		{6DFB8FFD-94AA-445C-99C1-75C113A4DCA9}.Release|Any CPU.ActiveCfg = Release|Any CPU
		{6DFB8FFD-94AA-445C-99C1-75C113A4DCA9}.Release|Any CPU.Build.0 = Release|Any CPU
		{9E3274FC-F9B5-4CEB-9FD1-6A5506C43CC2}.Debug|Any CPU.ActiveCfg = Debug|Any CPU
		{9E3274FC-F9B5-4CEB-9FD1-6A5506C43CC2}.Debug|Any CPU.Build.0 = Debug|Any CPU
		{9E3274FC-F9B5-4CEB-9FD1-6A5506C43CC2}.Release|Any CPU.ActiveCfg = Release|Any CPU
		{9E3274FC-F9B5-4CEB-9FD1-6A5506C43CC2}.Release|Any CPU.Build.0 = Release|Any CPU
		{4833619E-749A-465E-A934-96D6321EF81C}.Debug|Any CPU.ActiveCfg = Debug|Any CPU
		{4833619E-749A-465E-A934-96D6321EF81C}.Debug|Any CPU.Build.0 = Debug|Any CPU
		{4833619E-749A-465E-A934-96D6321EF81C}.Release|Any CPU.ActiveCfg = Release|Any CPU
		{4833619E-749A-465E-A934-96D6321EF81C}.Release|Any CPU.Build.0 = Release|Any CPU
		{2D6FB75E-DFF1-4245-9760-1EE9AC1F9D2D}.Debug|Any CPU.ActiveCfg = Debug|Any CPU
		{2D6FB75E-DFF1-4245-9760-1EE9AC1F9D2D}.Debug|Any CPU.Build.0 = Debug|Any CPU
		{2D6FB75E-DFF1-4245-9760-1EE9AC1F9D2D}.Release|Any CPU.ActiveCfg = Release|Any CPU
		{2D6FB75E-DFF1-4245-9760-1EE9AC1F9D2D}.Release|Any CPU.Build.0 = Release|Any CPU
		{3787412A-17B2-408F-AFC6-B03832DC120A}.Debug|Any CPU.ActiveCfg = Debug|Any CPU
		{3787412A-17B2-408F-AFC6-B03832DC120A}.Debug|Any CPU.Build.0 = Debug|Any CPU
		{3787412A-17B2-408F-AFC6-B03832DC120A}.Release|Any CPU.ActiveCfg = Release|Any CPU
		{3787412A-17B2-408F-AFC6-B03832DC120A}.Release|Any CPU.Build.0 = Release|Any CPU
		{72423394-AE93-4E6A-89C2-A87DD9A73EC7}.Debug|Any CPU.ActiveCfg = Debug|Any CPU
		{72423394-AE93-4E6A-89C2-A87DD9A73EC7}.Debug|Any CPU.Build.0 = Debug|Any CPU
		{72423394-AE93-4E6A-89C2-A87DD9A73EC7}.Release|Any CPU.ActiveCfg = Release|Any CPU
		{72423394-AE93-4E6A-89C2-A87DD9A73EC7}.Release|Any CPU.Build.0 = Release|Any CPU
		{EC1DFD06-F62D-44D9-B7C9-98E103E57B32}.Debug|Any CPU.ActiveCfg = Debug|Any CPU
		{EC1DFD06-F62D-44D9-B7C9-98E103E57B32}.Debug|Any CPU.Build.0 = Debug|Any CPU
		{EC1DFD06-F62D-44D9-B7C9-98E103E57B32}.Release|Any CPU.ActiveCfg = Release|Any CPU
		{EC1DFD06-F62D-44D9-B7C9-98E103E57B32}.Release|Any CPU.Build.0 = Release|Any CPU
		{A85CA7B5-57C0-4928-9438-677B06235950}.Debug|Any CPU.ActiveCfg = Debug|Any CPU
		{A85CA7B5-57C0-4928-9438-677B06235950}.Debug|Any CPU.Build.0 = Debug|Any CPU
		{A85CA7B5-57C0-4928-9438-677B06235950}.Release|Any CPU.ActiveCfg = Release|Any CPU
		{A85CA7B5-57C0-4928-9438-677B06235950}.Release|Any CPU.Build.0 = Release|Any CPU
		{A2BBF4EE-4856-4C43-B5A6-3D791403C151}.Debug|Any CPU.ActiveCfg = Debug|Any CPU
		{A2BBF4EE-4856-4C43-B5A6-3D791403C151}.Debug|Any CPU.Build.0 = Debug|Any CPU
		{A2BBF4EE-4856-4C43-B5A6-3D791403C151}.Release|Any CPU.ActiveCfg = Release|Any CPU
		{A2BBF4EE-4856-4C43-B5A6-3D791403C151}.Release|Any CPU.Build.0 = Release|Any CPU
		{1D7632D0-28F6-42A7-9B8F-639D1A46B3B2}.Debug|Any CPU.ActiveCfg = Debug|Any CPU
		{1D7632D0-28F6-42A7-9B8F-639D1A46B3B2}.Debug|Any CPU.Build.0 = Debug|Any CPU
		{1D7632D0-28F6-42A7-9B8F-639D1A46B3B2}.Release|Any CPU.ActiveCfg = Release|Any CPU
		{1D7632D0-28F6-42A7-9B8F-639D1A46B3B2}.Release|Any CPU.Build.0 = Release|Any CPU
		{FBAEBA71-7936-41F1-9E3A-E1B461B365E0}.Debug|Any CPU.ActiveCfg = Debug|Any CPU
		{FBAEBA71-7936-41F1-9E3A-E1B461B365E0}.Debug|Any CPU.Build.0 = Debug|Any CPU
		{FBAEBA71-7936-41F1-9E3A-E1B461B365E0}.Release|Any CPU.ActiveCfg = Release|Any CPU
		{FBAEBA71-7936-41F1-9E3A-E1B461B365E0}.Release|Any CPU.Build.0 = Release|Any CPU
		{0F9E2B5A-7B89-402A-99D0-CC252359E38A}.Debug|Any CPU.ActiveCfg = Debug|Any CPU
		{0F9E2B5A-7B89-402A-99D0-CC252359E38A}.Debug|Any CPU.Build.0 = Debug|Any CPU
		{0F9E2B5A-7B89-402A-99D0-CC252359E38A}.Release|Any CPU.ActiveCfg = Release|Any CPU
		{0F9E2B5A-7B89-402A-99D0-CC252359E38A}.Release|Any CPU.Build.0 = Release|Any CPU
		{3A55AA6C-CC95-406E-BCD7-848C4355433C}.Debug|Any CPU.ActiveCfg = Debug|Any CPU
		{3A55AA6C-CC95-406E-BCD7-848C4355433C}.Debug|Any CPU.Build.0 = Debug|Any CPU
		{3A55AA6C-CC95-406E-BCD7-848C4355433C}.Release|Any CPU.ActiveCfg = Release|Any CPU
		{3A55AA6C-CC95-406E-BCD7-848C4355433C}.Release|Any CPU.Build.0 = Release|Any CPU
		{230EB666-6B7B-4580-9ABB-62904A88892A}.Debug|Any CPU.ActiveCfg = Debug|Any CPU
		{230EB666-6B7B-4580-9ABB-62904A88892A}.Debug|Any CPU.Build.0 = Debug|Any CPU
		{230EB666-6B7B-4580-9ABB-62904A88892A}.Release|Any CPU.ActiveCfg = Release|Any CPU
		{230EB666-6B7B-4580-9ABB-62904A88892A}.Release|Any CPU.Build.0 = Release|Any CPU
		{1451028C-8D43-4DDE-B6B9-2601DD3E8F1D}.Debug|Any CPU.ActiveCfg = Debug|Any CPU
		{1451028C-8D43-4DDE-B6B9-2601DD3E8F1D}.Debug|Any CPU.Build.0 = Debug|Any CPU
		{1451028C-8D43-4DDE-B6B9-2601DD3E8F1D}.Release|Any CPU.ActiveCfg = Release|Any CPU
		{1451028C-8D43-4DDE-B6B9-2601DD3E8F1D}.Release|Any CPU.Build.0 = Release|Any CPU
		{A2BEB940-7FE0-4B89-A4A1-AD859698EB00}.Debug|Any CPU.ActiveCfg = Debug|Any CPU
		{A2BEB940-7FE0-4B89-A4A1-AD859698EB00}.Debug|Any CPU.Build.0 = Debug|Any CPU
		{A2BEB940-7FE0-4B89-A4A1-AD859698EB00}.Release|Any CPU.ActiveCfg = Release|Any CPU
		{A2BEB940-7FE0-4B89-A4A1-AD859698EB00}.Release|Any CPU.Build.0 = Release|Any CPU
		{9D55F65E-6186-434F-A093-4568ECB02491}.Debug|Any CPU.ActiveCfg = Debug|Any CPU
		{9D55F65E-6186-434F-A093-4568ECB02491}.Debug|Any CPU.Build.0 = Debug|Any CPU
		{9D55F65E-6186-434F-A093-4568ECB02491}.Release|Any CPU.ActiveCfg = Release|Any CPU
		{9D55F65E-6186-434F-A093-4568ECB02491}.Release|Any CPU.Build.0 = Release|Any CPU
		{288B098A-FC91-4356-9B34-C954B30F43B8}.Debug|Any CPU.ActiveCfg = Debug|Any CPU
		{288B098A-FC91-4356-9B34-C954B30F43B8}.Debug|Any CPU.Build.0 = Debug|Any CPU
		{288B098A-FC91-4356-9B34-C954B30F43B8}.Release|Any CPU.ActiveCfg = Release|Any CPU
		{288B098A-FC91-4356-9B34-C954B30F43B8}.Release|Any CPU.Build.0 = Release|Any CPU
		{A79264C1-DA62-452E-A436-11A0131C70E4}.Debug|Any CPU.ActiveCfg = Debug|Any CPU
		{A79264C1-DA62-452E-A436-11A0131C70E4}.Debug|Any CPU.Build.0 = Debug|Any CPU
		{A79264C1-DA62-452E-A436-11A0131C70E4}.Release|Any CPU.ActiveCfg = Release|Any CPU
		{A79264C1-DA62-452E-A436-11A0131C70E4}.Release|Any CPU.Build.0 = Release|Any CPU
		{408ED0D8-22F2-4F73-97F0-456B187B948C}.Debug|Any CPU.ActiveCfg = Debug|Any CPU
		{408ED0D8-22F2-4F73-97F0-456B187B948C}.Debug|Any CPU.Build.0 = Debug|Any CPU
		{408ED0D8-22F2-4F73-97F0-456B187B948C}.Release|Any CPU.ActiveCfg = Release|Any CPU
		{408ED0D8-22F2-4F73-97F0-456B187B948C}.Release|Any CPU.Build.0 = Release|Any CPU
		{235669C6-2D5C-4E37-BF26-F3E26CE68659}.Debug|Any CPU.ActiveCfg = Debug|Any CPU
		{235669C6-2D5C-4E37-BF26-F3E26CE68659}.Debug|Any CPU.Build.0 = Debug|Any CPU
		{235669C6-2D5C-4E37-BF26-F3E26CE68659}.Release|Any CPU.ActiveCfg = Release|Any CPU
		{235669C6-2D5C-4E37-BF26-F3E26CE68659}.Release|Any CPU.Build.0 = Release|Any CPU
		{E47F598F-ABAA-40C9-B51C-AE041E0BBE2D}.Debug|Any CPU.ActiveCfg = Debug|Any CPU
		{E47F598F-ABAA-40C9-B51C-AE041E0BBE2D}.Debug|Any CPU.Build.0 = Debug|Any CPU
		{E47F598F-ABAA-40C9-B51C-AE041E0BBE2D}.Release|Any CPU.ActiveCfg = Release|Any CPU
		{E47F598F-ABAA-40C9-B51C-AE041E0BBE2D}.Release|Any CPU.Build.0 = Release|Any CPU
		{CA5CF03E-F1AB-49A5-A50C-EA5FE350C2D5}.Debug|Any CPU.ActiveCfg = Debug|Any CPU
		{CA5CF03E-F1AB-49A5-A50C-EA5FE350C2D5}.Debug|Any CPU.Build.0 = Debug|Any CPU
		{CA5CF03E-F1AB-49A5-A50C-EA5FE350C2D5}.Release|Any CPU.ActiveCfg = Release|Any CPU
		{CA5CF03E-F1AB-49A5-A50C-EA5FE350C2D5}.Release|Any CPU.Build.0 = Release|Any CPU
		{1F78D888-0346-4C3B-9FD3-133754E02A17}.Debug|Any CPU.ActiveCfg = Debug|Any CPU
		{1F78D888-0346-4C3B-9FD3-133754E02A17}.Debug|Any CPU.Build.0 = Debug|Any CPU
		{1F78D888-0346-4C3B-9FD3-133754E02A17}.Release|Any CPU.ActiveCfg = Release|Any CPU
		{1F78D888-0346-4C3B-9FD3-133754E02A17}.Release|Any CPU.Build.0 = Release|Any CPU
		{9AA52592-6ABB-4B10-9CC3-C2AEBA36A1D3}.Debug|Any CPU.ActiveCfg = Debug|Any CPU
		{9AA52592-6ABB-4B10-9CC3-C2AEBA36A1D3}.Debug|Any CPU.Build.0 = Debug|Any CPU
		{9AA52592-6ABB-4B10-9CC3-C2AEBA36A1D3}.Release|Any CPU.ActiveCfg = Release|Any CPU
		{9AA52592-6ABB-4B10-9CC3-C2AEBA36A1D3}.Release|Any CPU.Build.0 = Release|Any CPU
		{24DF560E-23F4-404D-B603-B82C0003CD8C}.Debug|Any CPU.ActiveCfg = Debug|Any CPU
		{24DF560E-23F4-404D-B603-B82C0003CD8C}.Debug|Any CPU.Build.0 = Debug|Any CPU
		{24DF560E-23F4-404D-B603-B82C0003CD8C}.Release|Any CPU.ActiveCfg = Release|Any CPU
		{24DF560E-23F4-404D-B603-B82C0003CD8C}.Release|Any CPU.Build.0 = Release|Any CPU
	EndGlobalSection
	GlobalSection(SolutionProperties) = preSolution
		HideSolutionNode = FALSE
	EndGlobalSection
	GlobalSection(ExtensibilityGlobals) = postSolution
		SolutionGuid = {F8C7F458-2038-446E-BC88-97F0326135F3}
	EndGlobalSection
EndGlobal
